# THIS IS AN AUTOGENERATED FILE. DO NOT EDIT THIS FILE DIRECTLY.
# yarn lockfile v1


"@vue/devtools-api@^6.1.4":
  version "6.4.4"
  resolved "https://registry.yarnpkg.com/@vue/devtools-api/-/devtools-api-6.4.4.tgz#0b024fc8ca91bb4b6035abaf53c5aecc17119b3b"
  integrity sha512-Ku31WzpOV/8cruFaXaEZKF81WkNnvCSlBY4eOGtz5WMSdJvX1v1WWlSMGZeqUwPtQ27ZZz7B62erEMq8JDjcXw==

vue-router@4:
  version "4.1.5"
  resolved "https://registry.yarnpkg.com/vue-router/-/vue-router-4.1.5.tgz#256f597e3f5a281a23352a6193aa6e342c8d9f9a"
  integrity sha512-IsvoF5D2GQ/EGTs/Th4NQms9gd2NSqV+yylxIyp/OYp8xOwxmU8Kj/74E9DTSYAyH5LX7idVUngN3JSj1X4xcQ==
  dependencies:
    "@vue/devtools-api" "^6.1.4"
